
Microsoft Visual Studio Solution File, Format Version 12.00
# Visual Studio 2012
Project("{FAE04EC0-301F-11D3-BF4B-00C04F79EFBC}") = "AppWhile", "AppWhile\AppWhile.csproj", "{C5ECC491-F386-4B1A-8474-AB363BF316D5}"
EndProject
Global
	GlobalSection(SolutionConfigurationPlatforms) = preSolution
		Debug|Any CPU = Debug|Any CPU
		Release|Any CPU = Release|Any CPU
	EndGlobalSection
	GlobalSection(ProjectConfigurationPlatforms) = postSolution
		{C5ECC491-F386-4B1A-8474-AB363BF316D5}.Debug|Any CPU.ActiveCfg = Debug|Any CPU
		{C5ECC491-F386-4B1A-8474-AB363BF316D5}.Debug|Any CPU.Build.0 = Debug|Any CPU
		{C5ECC491-F386-4B1A-8474-AB363BF316D5}.Release|Any CPU.ActiveCfg = Release|Any CPU
		{C5ECC491-F386-4B1A-8474-AB363BF316D5}.Release|Any CPU.Build.0 = Release|Any CPU
	EndGlobalSection
	GlobalSection(SolutionProperties) = preSolution
		HideSolutionNode = FALSE
	EndGlobalSection
EndGlobal
